
Microsoft Visual Studio Solution File, Format Version 12.00
# Visual Studio 2013
VisualStudioVersion = 12.0.40629.0
MinimumVisualStudioVersion = 10.0.40219.1
Project("{FAE04EC0-301F-11D3-BF4B-00C04F79EFBC}") = "MvcFox", "MvcFox\MvcFox.csproj", "{4E24826A-4FE2-4267-AAB7-29A7B724634F}"
EndProject
Project("{FAE04EC0-301F-11D3-BF4B-00C04F79EFBC}") = "MvcFox.Tests", "MvcFox.Tests\MvcFox.Tests.csproj", "{3A74D75C-3C30-4D6C-B085-83714E31E576}"
EndProject
Project("{FAE04EC0-301F-11D3-BF4B-00C04F79EFBC}") = "MvcExt", "MvcExt\MvcExt.csproj", "{51055D90-F13C-4C78-BED2-A7DDDF3FD7AA}"
EndProject
Global
	GlobalSection(SolutionConfigurationPlatforms) = preSolution
		Debug|Any CPU = Debug|Any CPU
		Release|Any CPU = Release|Any CPU
	EndGlobalSection
	GlobalSection(ProjectConfigurationPlatforms) = postSolution
		{4E24826A-4FE2-4267-AAB7-29A7B724634F}.Debug|Any CPU.ActiveCfg = Debug|Any CPU
		{4E24826A-4FE2-4267-AAB7-29A7B724634F}.Debug|Any CPU.Build.0 = Debug|Any CPU
		{4E24826A-4FE2-4267-AAB7-29A7B724634F}.Release|Any CPU.ActiveCfg = Release|Any CPU
		{4E24826A-4FE2-4267-AAB7-29A7B724634F}.Release|Any CPU.Build.0 = Release|Any CPU
		{3A74D75C-3C30-4D6C-B085-83714E31E576}.Debug|Any CPU.ActiveCfg = Debug|Any CPU
		{3A74D75C-3C30-4D6C-B085-83714E31E576}.Debug|Any CPU.Build.0 = Debug|Any CPU
		{3A74D75C-3C30-4D6C-B085-83714E31E576}.Release|Any CPU.ActiveCfg = Release|Any CPU
		{3A74D75C-3C30-4D6C-B085-83714E31E576}.Release|Any CPU.Build.0 = Release|Any CPU
		{51055D90-F13C-4C78-BED2-A7DDDF3FD7AA}.Debug|Any CPU.ActiveCfg = Debug|Any CPU
		{51055D90-F13C-4C78-BED2-A7DDDF3FD7AA}.Debug|Any CPU.Build.0 = Debug|Any CPU
		{51055D90-F13C-4C78-BED2-A7DDDF3FD7AA}.Release|Any CPU.ActiveCfg = Release|Any CPU
		{51055D90-F13C-4C78-BED2-A7DDDF3FD7AA}.Release|Any CPU.Build.0 = Release|Any CPU
	EndGlobalSection
	GlobalSection(SolutionProperties) = preSolution
		HideSolutionNode = FALSE
	EndGlobalSection
EndGlobal
